// !$*UTF8*$!
{
	archiveVersion = 1;
	classes = {
	};
	objectVersion = 46;
	objects = {

/* Begin PBXBuildFile section */
		BD9958091DB68412000CF02A /* AppDelegate.swift in Sources */ = {isa = PBXBuildFile; fileRef = BD9958081DB68412000CF02A /* AppDelegate.swift */; };
		BD99580E1DB68412000CF02A /* Main.storyboard in Resources */ = {isa = PBXBuildFile; fileRef = BD99580C1DB68412000CF02A /* Main.storyboard */; };
		BD9958101DB68412000CF02A /* Assets.xcassets in Resources */ = {isa = PBXBuildFile; fileRef = BD99580F1DB68412000CF02A /* Assets.xcassets */; };
		BD9958131DB68412000CF02A /* LaunchScreen.storyboard in Resources */ = {isa = PBXBuildFile; fileRef = BD9958111DB68412000CF02A /* LaunchScreen.storyboard */; };
		BD99581B1DB6844D000CF02A /* PhotosViewController.swift in Sources */ = {isa = PBXBuildFile; fileRef = BD99581A1DB6844D000CF02A /* PhotosViewController.swift */; };
		BD99581D1DB68710000CF02A /* FlickrAPI.swift in Sources */ = {isa = PBXBuildFile; fileRef = BD99581C1DB68710000CF02A /* FlickrAPI.swift */; };
/* End PBXBuildFile section */

/* Begin PBXFileReference section */
		BD9958051DB68412000CF02A /* Photorama.app */ = {isa = PBXFileReference; explicitFileType = wrapper.application; includeInIndex = 0; path = Photorama.app; sourceTree = BUILT_PRODUCTS_DIR; };
		BD9958081DB68412000CF02A /* AppDelegate.swift */ = {isa = PBXFileReference; lastKnownFileType = sourcecode.swift; path = AppDelegate.swift; sourceTree = "<group>"; };
		BD99580D1DB68412000CF02A /* Base */ = {isa = PBXFileReference; lastKnownFileType = file.storyboard; name = Base; path = Base.lproj/Main.storyboard; sourceTree = "<group>"; };
		BD99580F1DB68412000CF02A /* Assets.xcassets */ = {isa = PBXFileReference; lastKnownFileType = folder.assetcatalog; path = Assets.xcassets; sourceTree = "<group>"; };
		BD9958121DB68412000CF02A /* Base */ = {isa = PBXFileReference; lastKnownFileType = file.storyboard; name = Base; path = Base.lproj/LaunchScreen.storyboard; sourceTree = "<group>"; };
		BD9958141DB68412000CF02A /* Info.plist */ = {isa = PBXFileReference; lastKnownFileType = text.plist.xml; path = Info.plist; sourceTree = "<group>"; };
		BD99581A1DB6844D000CF02A /* PhotosViewController.swift */ = {isa = PBXFileReference; fileEncoding = 4; lastKnownFileType = sourcecode.swift; path = PhotosViewController.swift; sourceTree = "<group>"; };
		BD99581C1DB68710000CF02A /* FlickrAPI.swift */ = {isa = PBXFileReference; fileEncoding = 4; lastKnownFileType = sourcecode.swift; path = FlickrAPI.swift; sourceTree = "<group>"; };
/* End PBXFileReference section */

/* Begin PBXFrameworksBuildPhase section */
		BD9958021DB68411000CF02A /* Frameworks */ = {
			isa = PBXFrameworksBuildPhase;
			buildActionMask = 2147483647;
			files = (
			);
			runOnlyForDeploymentPostprocessing = 0;
		};
/* End PBXFrameworksBuildPhase section */

/* Begin PBXGroup section */
		BD9957FC1DB68411000CF02A = {
			isa = PBXGroup;
			children = (
				BD9958071DB68412000CF02A /* Photorama */,
				BD9958061DB68412000CF02A /* Products */,
			);
			sourceTree = "<group>";
		};
		BD9958061DB68412000CF02A /* Products */ = {
			isa = PBXGroup;
			children = (
				BD9958051DB68412000CF02A /* Photorama.app */,
			);
			name = Products;
			sourceTree = "<group>";
		};
		BD9958071DB68412000CF02A /* Photorama */ = {
			isa = PBXGroup;
			children = (
				BD9958081DB68412000CF02A /* AppDelegate.swift */,
				BD99580C1DB68412000CF02A /* Main.storyboard */,
				BD99581C1DB68710000CF02A /* FlickrAPI.swift */,
				BD99580F1DB68412000CF02A /* Assets.xcassets */,
				BD9958111DB68412000CF02A /* LaunchScreen.storyboard */,
				BD9958141DB68412000CF02A /* Info.plist */,
				BD99581A1DB6844D000CF02A /* PhotosViewController.swift */,
			);
			path = Photorama;
			sourceTree = "<group>";
		};
/* End PBXGroup section */

/* Begin PBXNativeTarget section */
		BD9958041DB68411000CF02A /* Photorama */ = {
			isa = PBXNativeTarget;
			buildConfigurationList = BD9958171DB68412000CF02A /* Build configuration list for PBXNativeTarget "Photorama" */;
			buildPhases = (
				BD9958011DB68411000CF02A /* Sources */,
				BD9958021DB68411000CF02A /* Frameworks */,
				BD9958031DB68411000CF02A /* Resources */,
			);
			buildRules = (
			);
			dependencies = (
			);
			name = Photorama;
			productName = Photorama;
			productReference = BD9958051DB68412000CF02A /* Photorama.app */;
			productType = "com.apple.product-type.application";
		};
/* End PBXNativeTarget section */

/* Begin PBXProject section */
		BD9957FD1DB68411000CF02A /* Project object */ = {
			isa = PBXProject;
			attributes = {
				LastSwiftUpdateCheck = 0800;
				LastUpgradeCheck = 0800;
				ORGANIZATIONNAME = "Christian Perrone";
				TargetAttributes = {
					BD9958041DB68411000CF02A = {
						CreatedOnToolsVersion = 8.0;
						DevelopmentTeam = 2A7C9XFDQ7;
						ProvisioningStyle = Automatic;
					};
				};
			};
			buildConfigurationList = BD9958001DB68411000CF02A /* Build configuration list for PBXProject "Photorama" */;
			compatibilityVersion = "Xcode 3.2";
			developmentRegion = English;
			hasScannedForEncodings = 0;
			knownRegions = (
				en,
				Base,
			);
			mainGroup = BD9957FC1DB68411000CF02A;
			productRefGroup = BD9958061DB68412000CF02A /* Products */;
			projectDirPath = "";
			projectRoot = "";
			targets = (
				BD9958041DB68411000CF02A /* Photorama */,
			);
		};
/* End PBXProject section */

/* Begin PBXResourcesBuildPhase section */
		BD9958031DB68411000CF02A /* Resources */ = {
			isa = PBXResourcesBuildPhase;
			buildActionMask = 2147483647;
			files = (
				BD9958131DB68412000CF02A /* LaunchScreen.storyboard in Resources */,
				BD9958101DB68412000CF02A /* Assets.xcassets in Resources */,
				BD99580E1DB68412000CF02A /* Main.storyboard in Resources */,
			);
			runOnlyForDeploymentPostprocessing = 0;
		};
/* End PBXResourcesBuildPhase section */

/* Begin PBXSourcesBuildPhase section */
		BD9958011DB68411000CF02A /* Sources */ = {
			isa = PBXSourcesBuildPhase;
			buildActionMask = 2147483647;
			files = (
				BD99581D1DB68710000CF02A /* FlickrAPI.swift in Sources */,
				BD99581B1DB6844D000CF02A /* PhotosViewController.swift in Sources */,
				BD9958091DB68412000CF02A /* AppDelegate.swift in Sources */,
			);
			runOnlyForDeploymentPostprocessing = 0;
		};
/* End PBXSourcesBuildPhase section */

/* Begin PBXVariantGroup section */
		BD99580C1DB68412000CF02A /* Main.storyboard */ = {
			isa = PBXVariantGroup;
			children = (
				BD99580D1DB68412000CF02A /* Base */,
			);
			name = Main.storyboard;
			sourceTree = "<group>";
		};
		BD9958111DB68412000CF02A /* LaunchScreen.storyboard */ = {
			isa = PBXVariantGroup;
			children = (
				BD9958121DB68412000CF02A /* Base */,
			);
			name = LaunchScreen.storyboard;
			sourceTree = "<group>";
		};
/* End PBXVariantGroup section */

/* Begin XCBuildConfiguration section */
		BD9958151DB68412000CF02A /* Debug */ = {
			isa = XCBuildConfiguration;
			buildSettings = {
				ALWAYS_SEARCH_USER_PATHS = NO;
				CLANG_ANALYZER_NONNULL = YES;
				CLANG_CXX_LANGUAGE_STANDARD = "gnu++0x";
				CLANG_CXX_LIBRARY = "libc++";
				CLANG_ENABLE_MODULES = YES;
				CLANG_ENABLE_OBJC_ARC = YES;
				CLANG_WARN_BOOL_CONVERSION = YES;
				CLANG_WARN_CONSTANT_CONVERSION = YES;
				CLANG_WARN_DIRECT_OBJC_ISA_USAGE = YES_ERROR;
				CLANG_WARN_DOCUMENTATION_COMMENTS = YES;
				CLANG_WARN_EMPTY_BODY = YES;
				CLANG_WARN_ENUM_CONVERSION = YES;
				CLANG_WARN_INFINITE_RECURSION = YES;
				CLANG_WARN_INT_CONVERSION = YES;
				CLANG_WARN_OBJC_ROOT_CLASS = YES_ERROR;
				CLANG_WARN_SUSPICIOUS_MOVES = YES;
				CLANG_WARN_UNREACHABLE_CODE = YES;
				CLANG_WARN__DUPLICATE_METHOD_MATCH = YES;
				"CODE_SIGN_IDENTITY[sdk=iphoneos*]" = "iPhone Developer";
				COPY_PHASE_STRIP = NO;
				DEBUG_INFORMATION_FORMAT = dwarf;
				ENABLE_STRICT_OBJC_MSGSEND = YES;
				ENABLE_TESTABILITY = YES;
				GCC_C_LANGUAGE_STANDARD = gnu99;
				GCC_DYNAMIC_NO_PIC = NO;
				GCC_NO_COMMON_BLOCKS = YES;
				GCC_OPTIMIZATION_LEVEL = 0;
				GCC_PREPROCESSOR_DEFINITIONS = (
					"DEBUG=1",
					"$(inherited)",
				);
				GCC_WARN_64_TO_32_BIT_CONVERSION = YES;
				GCC_WARN_ABOUT_RETURN_TYPE = YES_ERROR;
				GCC_WARN_UNDECLARED_SELECTOR = YES;
				GCC_WARN_UNINITIALIZED_AUTOS = YES_AGGRESSIVE;
				GCC_WARN_UNUSED_FUNCTION = YES;
				GCC_WARN_UNUSED_VARIABLE = YES;
				IPHONEOS_DEPLOYMENT_TARGET = 10.0;
				MTL_ENABLE_DEBUG_INFO = YES;
				ONLY_ACTIVE_ARCH = YES;
				SDKROOT = iphoneos;
				SWIFT_ACTIVE_COMPILATION_CONDITIONS = DEBUG;
				SWIFT_OPTIMIZATION_LEVEL = "-Onone";
			};
			name = Debug;
		};
		BD9958161DB68412000CF02A /* Release */ = {
			isa = XCBuildConfiguration;
			buildSettings = {
				ALWAYS_SEARCH_USER_PATHS = NO;
				CLANG_ANALYZER_NONNULL = YES;
				CLANG_CXX_LANGUAGE_STANDARD = "gnu++0x";
				CLANG_CXX_LIBRARY = "libc++";
				CLANG_ENABLE_MODULES = YES;
				CLANG_ENABLE_OBJC_ARC = YES;
				CLANG_WARN_BOOL_CONVERSION = YES;
				CLANG_WARN_CONSTANT_CONVERSION = YES;
				CLANG_WARN_DIRECT_OBJC_ISA_USAGE = YES_ERROR;
				CLANG_WARN_DOCUMENTATION_COMMENTS = YES;
				CLANG_WARN_EMPTY_BODY = YES;
				CLANG_WARN_ENUM_CONVERSION = YES;
				CLANG_WARN_INFINITE_RECURSION = YES;
				CLANG_WARN_INT_CONVERSION = YES;
				CLANG_WARN_OBJC_ROOT_CLASS = YES_ERROR;
				CLANG_WARN_SUSPICIOUS_MOVES = YES;
				CLANG_WARN_UNREACHABLE_CODE = YES;
				CLANG_WARN__DUPLICATE_METHOD_MATCH = YES;
				"CODE_SIGN_IDENTITY[sdk=iphoneos*]" = "iPhone Developer";
				COPY_PHASE_STRIP = NO;
				DEBUG_INFORMATION_FORMAT = "dwarf-with-dsym";
				ENABLE_NS_ASSERTIONS = NO;
				ENABLE_STRICT_OBJC_MSGSEND = YES;
				GCC_C_LANGUAGE_STANDARD = gnu99;
				GCC_NO_COMMON_BLOCKS = YES;
				GCC_WARN_64_TO_32_BIT_CONVERSION = YES;
				GCC_WARN_ABOUT_RETURN_TYPE = YES_ERROR;
				GCC_WARN_UNDECLARED_SELECTOR = YES;
				GCC_WARN_UNINITIALIZED_AUTOS = YES_AGGRESSIVE;
				GCC_WARN_UNUSED_FUNCTION = YES;
				GCC_WARN_UNUSED_VARIABLE = YES;
				IPHONEOS_DEPLOYMENT_TARGET = 10.0;
				MTL_ENABLE_DEBUG_INFO = NO;
				SDKROOT = iphoneos;
				SWIFT_OPTIMIZATION_LEVEL = "-Owholemodule";
				VALIDATE_PRODUCT = YES;
			};
			name = Release;
		};
		BD9958181DB68412000CF02A /* Debug */ = {
			isa = XCBuildConfiguration;
			buildSettings = {
				ASSETCATALOG_COMPILER_APPICON_NAME = AppIcon;
				DEVELOPMENT_TEAM = 2A7C9XFDQ7;
				INFOPLIST_FILE = Photorama/Info.plist;
				LD_RUNPATH_SEARCH_PATHS = "$(inherited) @executable_path/Frameworks";
				PRODUCT_BUNDLE_IDENTIFIER = com.aprendendo.Photorama;
				PRODUCT_NAME = "$(TARGET_NAME)";
				SWIFT_VERSION = 3.0;
			};
			name = Debug;
		};
		BD9958191DB68412000CF02A /* Release */ = {
			isa = XCBuildConfiguration;
			buildSettings = {
				ASSETCATALOG_COMPILER_APPICON_NAME = AppIcon;
				DEVELOPMENT_TEAM = 2A7C9XFDQ7;
				INFOPLIST_FILE = Photorama/Info.plist;
				LD_RUNPATH_SEARCH_PATHS = "$(inherited) @executable_path/Frameworks";
				PRODUCT_BUNDLE_IDENTIFIER = com.aprendendo.Photorama;
				PRODUCT_NAME = "$(TARGET_NAME)";
				SWIFT_VERSION = 3.0;
			};
			name = Release;
		};
/* End XCBuildConfiguration section */

/* Begin XCConfigurationList section */
		BD9958001DB68411000CF02A /* Build configuration list for PBXProject "Photorama" */ = {
			isa = XCConfigurationList;
			buildConfigurations = (
				BD9958151DB68412000CF02A /* Debug */,
				BD9958161DB68412000CF02A /* Release */,
			);
			defaultConfigurationIsVisible = 0;
			defaultConfigurationName = Release;
		};
		BD9958171DB68412000CF02A /* Build configuration list for PBXNativeTarget "Photorama" */ = {
			isa = XCConfigurationList;
			buildConfigurations = (
				BD9958181DB68412000CF02A /* Debug */,
				BD9958191DB68412000CF02A /* Release */,
			);
			defaultConfigurationIsVisible = 0;
		};
/* End XCConfigurationList section */
	};
	rootObject = BD9957FD1DB68411000CF02A /* Project object */;
}
